// !$*UTF8*$!
{
	archiveVersion = 1;
	classes = {
	};
	objectVersion = 55;
	objects = {

/* Begin PBXBuildFile section */
		5F00F8852837E48E006228F4 /* LICENSE.txt in Resources */ = {isa = PBXBuildFile; fileRef = 5F00F8842837E48E006228F4 /* LICENSE.txt */; };
		5F02D17727C523A700CEA2B6 /* PageControl.swift in Sources */ = {isa = PBXBuildFile; fileRef = 5F02D17627C523A700CEA2B6 /* PageControl.swift */; };
		5F1A15D827C4AF1000735BF4 /* PageViewController.swift in Sources */ = {isa = PBXBuildFile; fileRef = 5F1A15D727C4AF1000735BF4 /* PageViewController.swift */; };
		5F1A15DA27C4B24300735BF4 /* FeatureCard.swift in Sources */ = {isa = PBXBuildFile; fileRef = 5F1A15D927C4B24300735BF4 /* FeatureCard.swift */; };
		5F1A15DC27C4B60700735BF4 /* PageView.swift in Sources */ = {isa = PBXBuildFile; fileRef = 5F1A15DB27C4B60700735BF4 /* PageView.swift */; };
		5F1BA8F227C5DF4600EB8970 /* LandmarkCommands.swift in Sources */ = {isa = PBXBuildFile; fileRef = 5F1BA8F127C5DF4600EB8970 /* LandmarkCommands.swift */; };
		5F1BA8F327C5DF4600EB8970 /* LandmarkCommands.swift in Sources */ = {isa = PBXBuildFile; fileRef = 5F1BA8F127C5DF4600EB8970 /* LandmarkCommands.swift */; };
		5F1BA8F527C5E91C00EB8970 /* LandmarkSettings.swift in Sources */ = {isa = PBXBuildFile; fileRef = 5F1BA8F427C5E91C00EB8970 /* LandmarkSettings.swift */; };
		5F1FC3EF27B5FAD800DF5344 /* LandmarksApp.swift in Sources */ = {isa = PBXBuildFile; fileRef = 5F1FC3EE27B5FAD800DF5344 /* LandmarksApp.swift */; };
		5F1FC3F127B5FAD800DF5344 /* ContentView.swift in Sources */ = {isa = PBXBuildFile; fileRef = 5F1FC3F027B5FAD800DF5344 /* ContentView.swift */; };
		5F1FC3F327B5FAD900DF5344 /* Assets.xcassets in Resources */ = {isa = PBXBuildFile; fileRef = 5F1FC3F227B5FAD900DF5344 /* Assets.xcassets */; };
		5F1FC3F627B5FAD900DF5344 /* Preview Assets.xcassets in Resources */ = {isa = PBXBuildFile; fileRef = 5F1FC3F527B5FAD900DF5344 /* Preview Assets.xcassets */; };
		5F1FC3FD27B608BE00DF5344 /* CircleImage.swift in Sources */ = {isa = PBXBuildFile; fileRef = 5F1FC3FC27B608BE00DF5344 /* CircleImage.swift */; };
		5F1FC3FF27B60CC300DF5344 /* MapView.swift in Sources */ = {isa = PBXBuildFile; fileRef = 5F1FC3FE27B60CC300DF5344 /* MapView.swift */; };
		5F2F442527C04C8A00C6C406 /* hikeData.json in Resources */ = {isa = PBXBuildFile; fileRef = 5F2F442427C04C8A00C6C406 /* hikeData.json */; };
		5F2F442727C04CC300C6C406 /* Hike.swift in Sources */ = {isa = PBXBuildFile; fileRef = 5F2F442627C04CC300C6C406 /* Hike.swift */; };
		5F2F442D27C04EEC00C6C406 /* GraphCapsule.swift in Sources */ = {isa = PBXBuildFile; fileRef = 5F2F442927C04EEC00C6C406 /* GraphCapsule.swift */; };
		5F2F442E27C04EEC00C6C406 /* HikeGraph.swift in Sources */ = {isa = PBXBuildFile; fileRef = 5F2F442A27C04EEC00C6C406 /* HikeGraph.swift */; };
		5F2F442F27C04EEC00C6C406 /* HikeDetail.swift in Sources */ = {isa = PBXBuildFile; fileRef = 5F2F442B27C04EEC00C6C406 /* HikeDetail.swift */; };
		5F2F443027C04EEC00C6C406 /* HikeView.swift in Sources */ = {isa = PBXBuildFile; fileRef = 5F2F442C27C04EEC00C6C406 /* HikeView.swift */; };
		5F44570627BF0E4800AAC350 /* FavoriteButton.swift in Sources */ = {isa = PBXBuildFile; fileRef = 5F44570527BF0E4800AAC350 /* FavoriteButton.swift */; };
		5F44570A27BF203300AAC350 /* HexagonParameters.swift in Sources */ = {isa = PBXBuildFile; fileRef = 5F44570927BF203300AAC350 /* HexagonParameters.swift */; };
		5F44570C27BF252000AAC350 /* BadgeBackground.swift in Sources */ = {isa = PBXBuildFile; fileRef = 5F44570B27BF252000AAC350 /* BadgeBackground.swift */; };
		5F89170A27BB2FF00001264D /* landmarkData.json in Resources */ = {isa = PBXBuildFile; fileRef = 5F89170927BB2FF00001264D /* landmarkData.json */; };
		5F89170C27BB306A0001264D /* Landmark.swift in Sources */ = {isa = PBXBuildFile; fileRef = 5F89170B27BB306A0001264D /* Landmark.swift */; };
		5F89170E27BB343C0001264D /* ModelData.swift in Sources */ = {isa = PBXBuildFile; fileRef = 5F89170D27BB343B0001264D /* ModelData.swift */; };
		5F89171327BB3A340001264D /* LandmarkRow.swift in Sources */ = {isa = PBXBuildFile; fileRef = 5F89171227BB3A340001264D /* LandmarkRow.swift */; };
		5F89171527BB3E5D0001264D /* LandmarkList.swift in Sources */ = {isa = PBXBuildFile; fileRef = 5F89171427BB3E5D0001264D /* LandmarkList.swift */; };
		5F89171727BB43D50001264D /* LandmarkDetail.swift in Sources */ = {isa = PBXBuildFile; fileRef = 5F89171627BB43D50001264D /* LandmarkDetail.swift */; };
		5FA59FA727BFE29A008F40AD /* BadgeSymbol.swift in Sources */ = {isa = PBXBuildFile; fileRef = 5FA59FA627BFE29A008F40AD /* BadgeSymbol.swift */; };
		5FA59FAB27BFE8BB008F40AD /* RotatedBadgeSymbol.swift in Sources */ = {isa = PBXBuildFile; fileRef = 5FA59FAA27BFE8BB008F40AD /* RotatedBadgeSymbol.swift */; };
		5FA59FAD27BFE987008F40AD /* Badge.swift in Sources */ = {isa = PBXBuildFile; fileRef = 5FA59FAC27BFE987008F40AD /* Badge.swift */; };
		5FBA556E27C5C869005E697F /* ContentView.swift in Sources */ = {isa = PBXBuildFile; fileRef = 5FBA556A27C5C869005E697F /* ContentView.swift */; };
		5FBA557027C5C869005E697F /* Assets.xcassets in Resources */ = {isa = PBXBuildFile; fileRef = 5FBA556D27C5C869005E697F /* Assets.xcassets */; };
		5FBA557227C5C904005E697F /* Preview Assets.xcassets in Resources */ = {isa = PBXBuildFile; fileRef = 5FBA557127C5C904005E697F /* Preview Assets.xcassets */; };
		5FBA557327C5C9B5005E697F /* FavoriteButton.swift in Sources */ = {isa = PBXBuildFile; fileRef = 5F44570527BF0E4800AAC350 /* FavoriteButton.swift */; };
		5FBA557427C5C9B5005E697F /* CircleImage.swift in Sources */ = {isa = PBXBuildFile; fileRef = 5F1FC3FC27B608BE00DF5344 /* CircleImage.swift */; };
		5FBA557527C5C9B5005E697F /* landmarkData.json in Resources */ = {isa = PBXBuildFile; fileRef = 5F89170927BB2FF00001264D /* landmarkData.json */; };
		5FBA557627C5C9B5005E697F /* LandmarksApp.swift in Sources */ = {isa = PBXBuildFile; fileRef = 5F1FC3EE27B5FAD800DF5344 /* LandmarksApp.swift */; };
		5FBA557727C5C9B5005E697F /* Profile.swift in Sources */ = {isa = PBXBuildFile; fileRef = 5FBD4FBA27C415EB0083DE70 /* Profile.swift */; };
		5FBA557827C5C9B5005E697F /* Landmark.swift in Sources */ = {isa = PBXBuildFile; fileRef = 5F89170B27BB306A0001264D /* Landmark.swift */; };
		5FBA557927C5C9B5005E697F /* hikeData.json in Resources */ = {isa = PBXBuildFile; fileRef = 5F2F442427C04C8A00C6C406 /* hikeData.json */; };
		5FBA557A27C5C9B5005E697F /* Hike.swift in Sources */ = {isa = PBXBuildFile; fileRef = 5F2F442627C04CC300C6C406 /* Hike.swift */; };
		5FBA557B27C5C9B5005E697F /* ModelData.swift in Sources */ = {isa = PBXBuildFile; fileRef = 5F89170D27BB343B0001264D /* ModelData.swift */; };
		5FBA557C27C5C9B5005E697F /* LandmarkList.swift in Sources */ = {isa = PBXBuildFile; fileRef = 5F89171427BB3E5D0001264D /* LandmarkList.swift */; };
		5FBA557D27C5C9B5005E697F /* Assets.xcassets in Resources */ = {isa = PBXBuildFile; fileRef = 5F1FC3F227B5FAD900DF5344 /* Assets.xcassets */; };
		5FBA557E27C5C9B5005E697F /* LandmarkRow.swift in Sources */ = {isa = PBXBuildFile; fileRef = 5F89171227BB3A340001264D /* LandmarkRow.swift */; };
		5FBA557F27C5C9B5005E697F /* MapView.swift in Sources */ = {isa = PBXBuildFile; fileRef = 5F1FC3FE27B60CC300DF5344 /* MapView.swift */; };
		5FBA558127C5CB07005E697F /* LandmarkDetail.swift in Sources */ = {isa = PBXBuildFile; fileRef = 5FBA558027C5CB07005E697F /* LandmarkDetail.swift */; };
		5FBA558327C5D61C005E697F /* LandmarkList.swift in Sources */ = {isa = PBXBuildFile; fileRef = 5FBA558227C5D61C005E697F /* LandmarkList.swift */; };
		5FBD4FBB27C415EB0083DE70 /* Profile.swift in Sources */ = {isa = PBXBuildFile; fileRef = 5FBD4FBA27C415EB0083DE70 /* Profile.swift */; };
		5FBD4FBE27C417E30083DE70 /* ProfileHost.swift in Sources */ = {isa = PBXBuildFile; fileRef = 5FBD4FBD27C417E30083DE70 /* ProfileHost.swift */; };
		5FBD4FC027C418EB0083DE70 /* ProfileSummary.swift in Sources */ = {isa = PBXBuildFile; fileRef = 5FBD4FBF27C418EB0083DE70 /* ProfileSummary.swift */; };
		5FBD4FC227C41AEC0083DE70 /* HikeBadge.swift in Sources */ = {isa = PBXBuildFile; fileRef = 5FBD4FC127C41AEC0083DE70 /* HikeBadge.swift */; };
		5FBD4FC427C423330083DE70 /* ProfileEditor.swift in Sources */ = {isa = PBXBuildFile; fileRef = 5FBD4FC327C423330083DE70 /* ProfileEditor.swift */; };
		5FC7C98B27C3EC1C0014FA14 /* CategoryHome.swift in Sources */ = {isa = PBXBuildFile; fileRef = 5FC7C98A27C3EC1C0014FA14 /* CategoryHome.swift */; };
		5FC7C98D27C3F1E80014FA14 /* CategoryRow.swift in Sources */ = {isa = PBXBuildFile; fileRef = 5FC7C98C27C3F1E80014FA14 /* CategoryRow.swift */; };
		5FC7C98F27C3F6350014FA14 /* CategoryItem.swift in Sources */ = {isa = PBXBuildFile; fileRef = 5FC7C98E27C3F6350014FA14 /* CategoryItem.swift */; };
		5FFCC53727C54D90007D7DE1 /* Assets.xcassets in Resources */ = {isa = PBXBuildFile; fileRef = 5FFCC53627C54D90007D7DE1 /* Assets.xcassets */; };
		5FFCC53D27C54D90007D7DE1 /* WatchLandmarks WatchKit Extension.appex in Embed App Extensions */ = {isa = PBXBuildFile; fileRef = 5FFCC53C27C54D90007D7DE1 /* WatchLandmarks WatchKit Extension.appex */; settings = {ATTRIBUTES = (RemoveHeadersOnCopy, ); }; };
		5FFCC54427C54D90007D7DE1 /* ContentView.swift in Sources */ = {isa = PBXBuildFile; fileRef = 5FFCC54327C54D90007D7DE1 /* ContentView.swift */; };
		5FFCC54627C54D90007D7DE1 /* NotificationController.swift in Sources */ = {isa = PBXBuildFile; fileRef = 5FFCC54527C54D90007D7DE1 /* NotificationController.swift */; };
		5FFCC54827C54D90007D7DE1 /* NotificationView.swift in Sources */ = {isa = PBXBuildFile; fileRef = 5FFCC54727C54D90007D7DE1 /* NotificationView.swift */; };
		5FFCC54A27C54D90007D7DE1 /* ComplicationController.swift in Sources */ = {isa = PBXBuildFile; fileRef = 5FFCC54927C54D90007D7DE1 /* ComplicationController.swift */; };
		5FFCC54C27C54D90007D7DE1 /* Assets.xcassets in Resources */ = {isa = PBXBuildFile; fileRef = 5FFCC54B27C54D90007D7DE1 /* Assets.xcassets */; };
		5FFCC54F27C54D90007D7DE1 /* Preview Assets.xcassets in Resources */ = {isa = PBXBuildFile; fileRef = 5FFCC54E27C54D90007D7DE1 /* Preview Assets.xcassets */; };
		5FFCC55427C54D90007D7DE1 /* WatchLandmarks.app in Embed Watch Content */ = {isa = PBXBuildFile; fileRef = 5FFCC53427C54D8F007D7DE1 /* WatchLandmarks.app */; settings = {ATTRIBUTES = (RemoveHeadersOnCopy, ); }; };
		5FFCC55D27C54E63007D7DE1 /* CircleImage.swift in Sources */ = {isa = PBXBuildFile; fileRef = 5F1FC3FC27B608BE00DF5344 /* CircleImage.swift */; };
		5FFCC55E27C54E63007D7DE1 /* Hike.swift in Sources */ = {isa = PBXBuildFile; fileRef = 5F2F442627C04CC300C6C406 /* Hike.swift */; };
		5FFCC55F27C54E63007D7DE1 /* ModelData.swift in Sources */ = {isa = PBXBuildFile; fileRef = 5F89170D27BB343B0001264D /* ModelData.swift */; };
		5FFCC56027C54E63007D7DE1 /* landmarkData.json in Resources */ = {isa = PBXBuildFile; fileRef = 5F89170927BB2FF00001264D /* landmarkData.json */; };
		5FFCC56127C54E63007D7DE1 /* Assets.xcassets in Resources */ = {isa = PBXBuildFile; fileRef = 5F1FC3F227B5FAD900DF5344 /* Assets.xcassets */; };
		5FFCC56227C54E63007D7DE1 /* LandmarksApp.swift in Sources */ = {isa = PBXBuildFile; fileRef = 5F1FC3EE27B5FAD800DF5344 /* LandmarksApp.swift */; };
		5FFCC56327C54E63007D7DE1 /* Profile.swift in Sources */ = {isa = PBXBuildFile; fileRef = 5FBD4FBA27C415EB0083DE70 /* Profile.swift */; };
		5FFCC56527C54E63007D7DE1 /* LandmarkRow.swift in Sources */ = {isa = PBXBuildFile; fileRef = 5F89171227BB3A340001264D /* LandmarkRow.swift */; };
		5FFCC56627C54E63007D7DE1 /* hikeData.json in Resources */ = {isa = PBXBuildFile; fileRef = 5F2F442427C04C8A00C6C406 /* hikeData.json */; };
		5FFCC56727C54E63007D7DE1 /* MapView.swift in Sources */ = {isa = PBXBuildFile; fileRef = 5F1FC3FE27B60CC300DF5344 /* MapView.swift */; };
		5FFCC56827C54E63007D7DE1 /* Landmark.swift in Sources */ = {isa = PBXBuildFile; fileRef = 5F89170B27BB306A0001264D /* Landmark.swift */; };
		5FFCC56A27C54F67007D7DE1 /* LandmarkDetail.swift in Sources */ = {isa = PBXBuildFile; fileRef = 5FFCC56927C54F67007D7DE1 /* LandmarkDetail.swift */; };
/* End PBXBuildFile section */

/* Begin PBXContainerItemProxy section */
		5FFCC53E27C54D90007D7DE1 /* PBXContainerItemProxy */ = {
			isa = PBXContainerItemProxy;
			containerPortal = 5F1FC3E327B5FAD800DF5344 /* Project object */;
			proxyType = 1;
			remoteGlobalIDString = 5FFCC53B27C54D90007D7DE1;
			remoteInfo = "WatchLandmarks WatchKit Extension";
		};
		5FFCC55227C54D90007D7DE1 /* PBXContainerItemProxy */ = {
			isa = PBXContainerItemProxy;
			containerPortal = 5F1FC3E327B5FAD800DF5344 /* Project object */;
			proxyType = 1;
			remoteGlobalIDString = 5FFCC53327C54D8F007D7DE1;
			remoteInfo = WatchLandmarks;
		};
/* End PBXContainerItemProxy section */

/* Begin PBXCopyFilesBuildPhase section */
		5FFCC55527C54D90007D7DE1 /* Embed Watch Content */ = {
			isa = PBXCopyFilesBuildPhase;
			buildActionMask = 2147483647;
			dstPath = "$(CONTENTS_FOLDER_PATH)/Watch";
			dstSubfolderSpec = 16;
			files = (
				5FFCC55427C54D90007D7DE1 /* WatchLandmarks.app in Embed Watch Content */,
			);
			name = "Embed Watch Content";
			runOnlyForDeploymentPostprocessing = 0;
		};
		5FFCC55827C54D90007D7DE1 /* Embed App Extensions */ = {
			isa = PBXCopyFilesBuildPhase;
			buildActionMask = 2147483647;
			dstPath = "";
			dstSubfolderSpec = 13;
			files = (
				5FFCC53D27C54D90007D7DE1 /* WatchLandmarks WatchKit Extension.appex in Embed App Extensions */,
			);
			name = "Embed App Extensions";
			runOnlyForDeploymentPostprocessing = 0;
		};
/* End PBXCopyFilesBuildPhase section */

/* Begin PBXFileReference section */
		5F00F8842837E48E006228F4 /* LICENSE.txt */ = {isa = PBXFileReference; fileEncoding = 4; lastKnownFileType = text; path = LICENSE.txt; sourceTree = "<group>"; };
		5F02D17627C523A700CEA2B6 /* PageControl.swift */ = {isa = PBXFileReference; lastKnownFileType = sourcecode.swift; path = PageControl.swift; sourceTree = "<group>"; };
		5F1A15D727C4AF1000735BF4 /* PageViewController.swift */ = {isa = PBXFileReference; lastKnownFileType = sourcecode.swift; path = PageViewController.swift; sourceTree = "<group>"; };
		5F1A15D927C4B24300735BF4 /* FeatureCard.swift */ = {isa = PBXFileReference; lastKnownFileType = sourcecode.swift; path = FeatureCard.swift; sourceTree = "<group>"; };
		5F1A15DB27C4B60700735BF4 /* PageView.swift */ = {isa = PBXFileReference; lastKnownFileType = sourcecode.swift; path = PageView.swift; sourceTree = "<group>"; };
		5F1BA8F127C5DF4600EB8970 /* LandmarkCommands.swift */ = {isa = PBXFileReference; lastKnownFileType = sourcecode.swift; path = LandmarkCommands.swift; sourceTree = "<group>"; };
		5F1BA8F427C5E91C00EB8970 /* LandmarkSettings.swift */ = {isa = PBXFileReference; lastKnownFileType = sourcecode.swift; path = LandmarkSettings.swift; sourceTree = "<group>"; };
		5F1FC3EB27B5FAD800DF5344 /* Landmarks.app */ = {isa = PBXFileReference; explicitFileType = wrapper.application; includeInIndex = 0; path = Landmarks.app; sourceTree = BUILT_PRODUCTS_DIR; };
		5F1FC3EE27B5FAD800DF5344 /* LandmarksApp.swift */ = {isa = PBXFileReference; lastKnownFileType = sourcecode.swift; path = LandmarksApp.swift; sourceTree = "<group>"; };
		5F1FC3F027B5FAD800DF5344 /* ContentView.swift */ = {isa = PBXFileReference; lastKnownFileType = sourcecode.swift; path = ContentView.swift; sourceTree = "<group>"; };
		5F1FC3F227B5FAD900DF5344 /* Assets.xcassets */ = {isa = PBXFileReference; lastKnownFileType = folder.assetcatalog; path = Assets.xcassets; sourceTree = "<group>"; };
		5F1FC3F527B5FAD900DF5344 /* Preview Assets.xcassets */ = {isa = PBXFileReference; lastKnownFileType = folder.assetcatalog; path = "Preview Assets.xcassets"; sourceTree = "<group>"; };
		5F1FC3FC27B608BE00DF5344 /* CircleImage.swift */ = {isa = PBXFileReference; lastKnownFileType = sourcecode.swift; path = CircleImage.swift; sourceTree = "<group>"; };
		5F1FC3FE27B60CC300DF5344 /* MapView.swift */ = {isa = PBXFileReference; lastKnownFileType = sourcecode.swift; path = MapView.swift; sourceTree = "<group>"; };
		5F2F442427C04C8A00C6C406 /* hikeData.json */ = {isa = PBXFileReference; fileEncoding = 4; lastKnownFileType = text.json; path = hikeData.json; sourceTree = "<group>"; };
		5F2F442627C04CC300C6C406 /* Hike.swift */ = {isa = PBXFileReference; lastKnownFileType = sourcecode.swift; path = Hike.swift; sourceTree = "<group>"; };
		5F2F442927C04EEC00C6C406 /* GraphCapsule.swift */ = {isa = PBXFileReference; fileEncoding = 4; lastKnownFileType = sourcecode.swift; path = GraphCapsule.swift; sourceTree = "<group>"; };
		5F2F442A27C04EEC00C6C406 /* HikeGraph.swift */ = {isa = PBXFileReference; fileEncoding = 4; lastKnownFileType = sourcecode.swift; path = HikeGraph.swift; sourceTree = "<group>"; };
		5F2F442B27C04EEC00C6C406 /* HikeDetail.swift */ = {isa = PBXFileReference; fileEncoding = 4; lastKnownFileType = sourcecode.swift; path = HikeDetail.swift; sourceTree = "<group>"; };
		5F2F442C27C04EEC00C6C406 /* HikeView.swift */ = {isa = PBXFileReference; fileEncoding = 4; lastKnownFileType = sourcecode.swift; path = HikeView.swift; sourceTree = "<group>"; };
		5F44570527BF0E4800AAC350 /* FavoriteButton.swift */ = {isa = PBXFileReference; lastKnownFileType = sourcecode.swift; path = FavoriteButton.swift; sourceTree = "<group>"; };
		5F44570927BF203300AAC350 /* HexagonParameters.swift */ = {isa = PBXFileReference; lastKnownFileType = sourcecode.swift; path = HexagonParameters.swift; sourceTree = "<group>"; };
		5F44570B27BF252000AAC350 /* BadgeBackground.swift */ = {isa = PBXFileReference; lastKnownFileType = sourcecode.swift; path = BadgeBackground.swift; sourceTree = "<group>"; };
		5F89170927BB2FF00001264D /* landmarkData.json */ = {isa = PBXFileReference; fileEncoding = 4; lastKnownFileType = text.json; path = landmarkData.json; sourceTree = "<group>"; };
		5F89170B27BB306A0001264D /* Landmark.swift */ = {isa = PBXFileReference; lastKnownFileType = sourcecode.swift; path = Landmark.swift; sourceTree = "<group>"; };
		5F89170D27BB343B0001264D /* ModelData.swift */ = {isa = PBXFileReference; lastKnownFileType = sourcecode.swift; path = ModelData.swift; sourceTree = "<group>"; };
		5F89171227BB3A340001264D /* LandmarkRow.swift */ = {isa = PBXFileReference; lastKnownFileType = sourcecode.swift; path = LandmarkRow.swift; sourceTree = "<group>"; };
		5F89171427BB3E5D0001264D /* LandmarkList.swift */ = {isa = PBXFileReference; lastKnownFileType = sourcecode.swift; path = LandmarkList.swift; sourceTree = "<group>"; };
		5F89171627BB43D50001264D /* LandmarkDetail.swift */ = {isa = PBXFileReference; lastKnownFileType = sourcecode.swift; path = LandmarkDetail.swift; sourceTree = "<group>"; };
		5FA59FA627BFE29A008F40AD /* BadgeSymbol.swift */ = {isa = PBXFileReference; lastKnownFileType = sourcecode.swift; path = BadgeSymbol.swift; sourceTree = "<group>"; };
		5FA59FAA27BFE8BB008F40AD /* RotatedBadgeSymbol.swift */ = {isa = PBXFileReference; lastKnownFileType = sourcecode.swift; path = RotatedBadgeSymbol.swift; sourceTree = "<group>"; };
		5FA59FAC27BFE987008F40AD /* Badge.swift */ = {isa = PBXFileReference; lastKnownFileType = sourcecode.swift; path = Badge.swift; sourceTree = "<group>"; };
		5FBA555B27C5C82D005E697F /* MacLandmarks.app */ = {isa = PBXFileReference; explicitFileType = wrapper.application; includeInIndex = 0; path = MacLandmarks.app; sourceTree = BUILT_PRODUCTS_DIR; };
		5FBA556A27C5C869005E697F /* ContentView.swift */ = {isa = PBXFileReference; fileEncoding = 4; lastKnownFileType = sourcecode.swift; path = ContentView.swift; sourceTree = "<group>"; };
		5FBA556C27C5C869005E697F /* MacLandmarks.entitlements */ = {isa = PBXFileReference; fileEncoding = 4; lastKnownFileType = text.plist.entitlements; path = MacLandmarks.entitlements; sourceTree = "<group>"; };
		5FBA556D27C5C869005E697F /* Assets.xcassets */ = {isa = PBXFileReference; lastKnownFileType = folder.assetcatalog; path = Assets.xcassets; sourceTree = "<group>"; };
		5FBA557127C5C904005E697F /* Preview Assets.xcassets */ = {isa = PBXFileReference; lastKnownFileType = folder.assetcatalog; path = "Preview Assets.xcassets"; sourceTree = "<group>"; };
		5FBA558027C5CB07005E697F /* LandmarkDetail.swift */ = {isa = PBXFileReference; lastKnownFileType = sourcecode.swift; path = LandmarkDetail.swift; sourceTree = "<group>"; };
		5FBA558227C5D61C005E697F /* LandmarkList.swift */ = {isa = PBXFileReference; lastKnownFileType = sourcecode.swift; path = LandmarkList.swift; sourceTree = "<group>"; };
		5FBD4FBA27C415EB0083DE70 /* Profile.swift */ = {isa = PBXFileReference; lastKnownFileType = sourcecode.swift; path = Profile.swift; sourceTree = "<group>"; };
		5FBD4FBD27C417E30083DE70 /* ProfileHost.swift */ = {isa = PBXFileReference; lastKnownFileType = sourcecode.swift; path = ProfileHost.swift; sourceTree = "<group>"; };
		5FBD4FBF27C418EB0083DE70 /* ProfileSummary.swift */ = {isa = PBXFileReference; lastKnownFileType = sourcecode.swift; path = ProfileSummary.swift; sourceTree = "<group>"; };
		5FBD4FC127C41AEC0083DE70 /* HikeBadge.swift */ = {isa = PBXFileReference; lastKnownFileType = sourcecode.swift; path = HikeBadge.swift; sourceTree = "<group>"; };
		5FBD4FC327C423330083DE70 /* ProfileEditor.swift */ = {isa = PBXFileReference; lastKnownFileType = sourcecode.swift; path = ProfileEditor.swift; sourceTree = "<group>"; };
		5FC7C98A27C3EC1C0014FA14 /* CategoryHome.swift */ = {isa = PBXFileReference; lastKnownFileType = sourcecode.swift; path = CategoryHome.swift; sourceTree = "<group>"; };
		5FC7C98C27C3F1E80014FA14 /* CategoryRow.swift */ = {isa = PBXFileReference; lastKnownFileType = sourcecode.swift; path = CategoryRow.swift; sourceTree = "<group>"; };
		5FC7C98E27C3F6350014FA14 /* CategoryItem.swift */ = {isa = PBXFileReference; lastKnownFileType = sourcecode.swift; path = CategoryItem.swift; sourceTree = "<group>"; };
		5FFCC53427C54D8F007D7DE1 /* WatchLandmarks.app */ = {isa = PBXFileReference; explicitFileType = wrapper.application; includeInIndex = 0; path = WatchLandmarks.app; sourceTree = BUILT_PRODUCTS_DIR; };
		5FFCC53627C54D90007D7DE1 /* Assets.xcassets */ = {isa = PBXFileReference; lastKnownFileType = folder.assetcatalog; path = Assets.xcassets; sourceTree = "<group>"; };
		5FFCC53C27C54D90007D7DE1 /* WatchLandmarks WatchKit Extension.appex */ = {isa = PBXFileReference; explicitFileType = "wrapper.app-extension"; includeInIndex = 0; path = "WatchLandmarks WatchKit Extension.appex"; sourceTree = BUILT_PRODUCTS_DIR; };
		5FFCC54327C54D90007D7DE1 /* ContentView.swift */ = {isa = PBXFileReference; lastKnownFileType = sourcecode.swift; path = ContentView.swift; sourceTree = "<group>"; };
		5FFCC54527C54D90007D7DE1 /* NotificationController.swift */ = {isa = PBXFileReference; lastKnownFileType = sourcecode.swift; path = NotificationController.swift; sourceTree = "<group>"; };
		5FFCC54727C54D90007D7DE1 /* NotificationView.swift */ = {isa = PBXFileReference; lastKnownFileType = sourcecode.swift; path = NotificationView.swift; sourceTree = "<group>"; };
		5FFCC54927C54D90007D7DE1 /* ComplicationController.swift */ = {isa = PBXFileReference; lastKnownFileType = sourcecode.swift; path = ComplicationController.swift; sourceTree = "<group>"; };
		5FFCC54B27C54D90007D7DE1 /* Assets.xcassets */ = {isa = PBXFileReference; lastKnownFileType = folder.assetcatalog; path = Assets.xcassets; sourceTree = "<group>"; };
		5FFCC54E27C54D90007D7DE1 /* Preview Assets.xcassets */ = {isa = PBXFileReference; lastKnownFileType = folder.assetcatalog; path = "Preview Assets.xcassets"; sourceTree = "<group>"; };
		5FFCC55027C54D90007D7DE1 /* Info.plist */ = {isa = PBXFileReference; lastKnownFileType = text.plist.xml; path = Info.plist; sourceTree = "<group>"; };
		5FFCC55127C54D90007D7DE1 /* PushNotificationPayload.apns */ = {isa = PBXFileReference; lastKnownFileType = text; path = PushNotificationPayload.apns; sourceTree = "<group>"; };
		5FFCC56927C54F67007D7DE1 /* LandmarkDetail.swift */ = {isa = PBXFileReference; lastKnownFileType = sourcecode.swift; path = LandmarkDetail.swift; sourceTree = "<group>"; };
/* End PBXFileReference section */

/* Begin PBXFrameworksBuildPhase section */
		5F1FC3E827B5FAD800DF5344 /* Frameworks */ = {
			isa = PBXFrameworksBuildPhase;
			buildActionMask = 2147483647;
			files = (
			);
			runOnlyForDeploymentPostprocessing = 0;
		};
		5FBA555827C5C82D005E697F /* Frameworks */ = {
			isa = PBXFrameworksBuildPhase;
			buildActionMask = 2147483647;
			files = (
			);
			runOnlyForDeploymentPostprocessing = 0;
		};
		5FFCC53927C54D90007D7DE1 /* Frameworks */ = {
			isa = PBXFrameworksBuildPhase;
			buildActionMask = 2147483647;
			files = (
			);
			runOnlyForDeploymentPostprocessing = 0;
		};
/* End PBXFrameworksBuildPhase section */

/* Begin PBXGroup section */
		5F00F8832837E48E006228F4 /* LICENSE */ = {
			isa = PBXGroup;
			children = (
				5F00F8842837E48E006228F4 /* LICENSE.txt */,
			);
			path = LICENSE;
			sourceTree = "<group>";
		};
		5F1A15D627C4AEF100735BF4 /* PageView */ = {
			isa = PBXGroup;
			children = (
				5F1A15D927C4B24300735BF4 /* FeatureCard.swift */,
				5F02D17627C523A700CEA2B6 /* PageControl.swift */,
				5F1A15DB27C4B60700735BF4 /* PageView.swift */,
				5F1A15D727C4AF1000735BF4 /* PageViewController.swift */,
			);
			path = PageView;
			sourceTree = "<group>";
		};
		5F1FC3E227B5FAD800DF5344 = {
			isa = PBXGroup;
			children = (
				5F1FC3ED27B5FAD800DF5344 /* Landmarks */,
				5FFCC53527C54D8F007D7DE1 /* WatchLandmarks */,
				5FFCC54027C54D90007D7DE1 /* WatchLandmarks WatchKit Extension */,
				5FBA555C27C5C82D005E697F /* MacLandmarks */,
				5F00F8832837E48E006228F4 /* LICENSE */,
				5F1FC3EC27B5FAD800DF5344 /* Products */,
			);
			sourceTree = "<group>";
		};
		5F1FC3EC27B5FAD800DF5344 /* Products */ = {
			isa = PBXGroup;
			children = (
				5F1FC3EB27B5FAD800DF5344 /* Landmarks.app */,
				5FFCC53427C54D8F007D7DE1 /* WatchLandmarks.app */,
				5FFCC53C27C54D90007D7DE1 /* WatchLandmarks WatchKit Extension.appex */,
				5FBA555B27C5C82D005E697F /* MacLandmarks.app */,
			);
			name = Products;
			sourceTree = "<group>";
		};
		5F1FC3ED27B5FAD800DF5344 /* Landmarks */ = {
			isa = PBXGroup;
			children = (
				5F1FC3EE27B5FAD800DF5344 /* LandmarksApp.swift */,
				5F89171027BB39100001264D /* Views */,
				5F89170F27BB38FA0001264D /* Model */,
				5F89171127BB39340001264D /* Resources */,
				5F1FC3F227B5FAD900DF5344 /* Assets.xcassets */,
				5F1FC3F427B5FAD900DF5344 /* Preview Content */,
			);
			path = Landmarks;
			sourceTree = "<group>";
		};
		5F1FC3F427B5FAD900DF5344 /* Preview Content */ = {
			isa = PBXGroup;
			children = (
				5F1FC3F527B5FAD900DF5344 /* Preview Assets.xcassets */,
			);
			path = "Preview Content";
			sourceTree = "<group>";
		};
		5F2F442827C04EEC00C6C406 /* Hikes */ = {
			isa = PBXGroup;
			children = (
				5F2F442927C04EEC00C6C406 /* GraphCapsule.swift */,
				5FBD4FC127C41AEC0083DE70 /* HikeBadge.swift */,
				5F2F442A27C04EEC00C6C406 /* HikeGraph.swift */,
				5F2F442B27C04EEC00C6C406 /* HikeDetail.swift */,
				5F2F442C27C04EEC00C6C406 /* HikeView.swift */,
			);
			path = Hikes;
			sourceTree = "<group>";
		};
		5F44570727BF105900AAC350 /* Helpers */ = {
			isa = PBXGroup;
			children = (
				5F1FC3FC27B608BE00DF5344 /* CircleImage.swift */,
				5F44570527BF0E4800AAC350 /* FavoriteButton.swift */,
				5F1FC3FE27B60CC300DF5344 /* MapView.swift */,
			);
			path = Helpers;
			sourceTree = "<group>";
		};
		5F44570827BF107800AAC350 /* Landmarks */ = {
			isa = PBXGroup;
			children = (
				5F89171627BB43D50001264D /* LandmarkDetail.swift */,
				5F89171427BB3E5D0001264D /* LandmarkList.swift */,
				5F89171227BB3A340001264D /* LandmarkRow.swift */,
			);
			path = Landmarks;
			sourceTree = "<group>";
		};
		5F89170F27BB38FA0001264D /* Model */ = {
			isa = PBXGroup;
			children = (
				5F2F442627C04CC300C6C406 /* Hike.swift */,
				5F89170B27BB306A0001264D /* Landmark.swift */,
				5F89170D27BB343B0001264D /* ModelData.swift */,
				5FBD4FBA27C415EB0083DE70 /* Profile.swift */,
			);
			path = Model;
			sourceTree = "<group>";
		};
		5F89171027BB39100001264D /* Views */ = {
			isa = PBXGroup;
			children = (
				5F1FC3F027B5FAD800DF5344 /* ContentView.swift */,
				5FA59FAE27BFECB5008F40AD /* Badges */,
				5FC7C98927C3EBE60014FA14 /* Categories */,
				5F44570727BF105900AAC350 /* Helpers */,
				5F2F442827C04EEC00C6C406 /* Hikes */,
				5F44570827BF107800AAC350 /* Landmarks */,
				5F1A15D627C4AEF100735BF4 /* PageView */,
				5FBD4FBC27C417B50083DE70 /* Profiles */,
			);
			path = Views;
			sourceTree = "<group>";
		};
		5F89171127BB39340001264D /* Resources */ = {
			isa = PBXGroup;
			children = (
				5F2F442427C04C8A00C6C406 /* hikeData.json */,
				5F89170927BB2FF00001264D /* landmarkData.json */,
			);
			path = Resources;
			sourceTree = "<group>";
		};
		5FA59FAE27BFECB5008F40AD /* Badges */ = {
			isa = PBXGroup;
			children = (
				5FA59FAC27BFE987008F40AD /* Badge.swift */,
				5F44570B27BF252000AAC350 /* BadgeBackground.swift */,
				5FA59FA627BFE29A008F40AD /* BadgeSymbol.swift */,
				5FA59FAA27BFE8BB008F40AD /* RotatedBadgeSymbol.swift */,
				5F44570927BF203300AAC350 /* HexagonParameters.swift */,
			);
			path = Badges;
			sourceTree = "<group>";
		};
		5FBA555C27C5C82D005E697F /* MacLandmarks */ = {
			isa = PBXGroup;
			children = (
				5FBA556A27C5C869005E697F /* ContentView.swift */,
				5F1BA8F127C5DF4600EB8970 /* LandmarkCommands.swift */,
				5FBA558027C5CB07005E697F /* LandmarkDetail.swift */,
				5F1BA8F427C5E91C00EB8970 /* LandmarkSettings.swift */,
				5FBA556D27C5C869005E697F /* Assets.xcassets */,
				5FBA556C27C5C869005E697F /* MacLandmarks.entitlements */,
				5FBA556327C5C82E005E697F /* Preview Content */,
			);
			path = MacLandmarks;
			sourceTree = "<group>";
		};
		5FBA556327C5C82E005E697F /* Preview Content */ = {
			isa = PBXGroup;
			children = (
				5FBA557127C5C904005E697F /* Preview Assets.xcassets */,
			);
			path = "Preview Content";
			sourceTree = "<group>";
		};
		5FBD4FBC27C417B50083DE70 /* Profiles */ = {
			isa = PBXGroup;
			children = (
				5FBD4FC327C423330083DE70 /* ProfileEditor.swift */,
				5FBD4FBD27C417E30083DE70 /* ProfileHost.swift */,
				5FBD4FBF27C418EB0083DE70 /* ProfileSummary.swift */,
			);
			path = Profiles;
			sourceTree = "<group>";
		};
		5FC7C98927C3EBE60014FA14 /* Categories */ = {
			isa = PBXGroup;
			children = (
				5FC7C98A27C3EC1C0014FA14 /* CategoryHome.swift */,
				5FC7C98E27C3F6350014FA14 /* CategoryItem.swift */,
				5FC7C98C27C3F1E80014FA14 /* CategoryRow.swift */,
			);
			path = Categories;
			sourceTree = "<group>";
		};
		5FFCC53527C54D8F007D7DE1 /* WatchLandmarks */ = {
			isa = PBXGroup;
			children = (
				5FFCC53627C54D90007D7DE1 /* Assets.xcassets */,
			);
			path = WatchLandmarks;
			sourceTree = "<group>";
		};
		5FFCC54027C54D90007D7DE1 /* WatchLandmarks WatchKit Extension */ = {
			isa = PBXGroup;
			children = (
				5FFCC54927C54D90007D7DE1 /* ComplicationController.swift */,
				5FFCC54327C54D90007D7DE1 /* ContentView.swift */,
				5FFCC56927C54F67007D7DE1 /* LandmarkDetail.swift */,
				5FBA558227C5D61C005E697F /* LandmarkList.swift */,
				5FFCC54527C54D90007D7DE1 /* NotificationController.swift */,
				5FFCC54727C54D90007D7DE1 /* NotificationView.swift */,
				5FFCC54B27C54D90007D7DE1 /* Assets.xcassets */,
				5FFCC55027C54D90007D7DE1 /* Info.plist */,
				5FFCC55127C54D90007D7DE1 /* PushNotificationPayload.apns */,
				5FFCC54D27C54D90007D7DE1 /* Preview Content */,
			);
			path = "WatchLandmarks WatchKit Extension";
			sourceTree = "<group>";
		};
		5FFCC54D27C54D90007D7DE1 /* Preview Content */ = {
			isa = PBXGroup;
			children = (
				5FFCC54E27C54D90007D7DE1 /* Preview Assets.xcassets */,
			);
			path = "Preview Content";
			sourceTree = "<group>";
		};
/* End PBXGroup section */

/* Begin PBXNativeTarget section */
		5F1FC3EA27B5FAD800DF5344 /* Landmarks */ = {
			isa = PBXNativeTarget;
			buildConfigurationList = 5F1FC3F927B5FAD900DF5344 /* Build configuration list for PBXNativeTarget "Landmarks" */;
			buildPhases = (
				5F1FC3E727B5FAD800DF5344 /* Sources */,
				5F1FC3E827B5FAD800DF5344 /* Frameworks */,
				5F1FC3E927B5FAD800DF5344 /* Resources */,
				5FFCC55527C54D90007D7DE1 /* Embed Watch Content */,
			);
			buildRules = (
			);
			dependencies = (
				5FFCC55327C54D90007D7DE1 /* PBXTargetDependency */,
			);
			name = Landmarks;
			productName = Landmarks;
			productReference = 5F1FC3EB27B5FAD800DF5344 /* Landmarks.app */;
			productType = "com.apple.product-type.application";
		};
		5FBA555A27C5C82D005E697F /* MacLandmarks */ = {
			isa = PBXNativeTarget;
			buildConfigurationList = 5FBA556927C5C82E005E697F /* Build configuration list for PBXNativeTarget "MacLandmarks" */;
			buildPhases = (
				5FBA555727C5C82D005E697F /* Sources */,
				5FBA555827C5C82D005E697F /* Frameworks */,
				5FBA555927C5C82D005E697F /* Resources */,
			);
			buildRules = (
			);
			dependencies = (
			);
			name = MacLandmarks;
			productName = MacLandmarks;
			productReference = 5FBA555B27C5C82D005E697F /* MacLandmarks.app */;
			productType = "com.apple.product-type.application";
		};
		5FFCC53327C54D8F007D7DE1 /* WatchLandmarks */ = {
			isa = PBXNativeTarget;
			buildConfigurationList = 5FFCC55C27C54D90007D7DE1 /* Build configuration list for PBXNativeTarget "WatchLandmarks" */;
			buildPhases = (
				5FFCC53227C54D8F007D7DE1 /* Resources */,
				5FFCC55827C54D90007D7DE1 /* Embed App Extensions */,
			);
			buildRules = (
			);
			dependencies = (
				5FFCC53F27C54D90007D7DE1 /* PBXTargetDependency */,
			);
			name = WatchLandmarks;
			productName = WatchLandmarks;
			productReference = 5FFCC53427C54D8F007D7DE1 /* WatchLandmarks.app */;
			productType = "com.apple.product-type.application.watchapp2";
		};
		5FFCC53B27C54D90007D7DE1 /* WatchLandmarks WatchKit Extension */ = {
			isa = PBXNativeTarget;
			buildConfigurationList = 5FFCC55B27C54D90007D7DE1 /* Build configuration list for PBXNativeTarget "WatchLandmarks WatchKit Extension" */;
			buildPhases = (
				5FFCC53827C54D90007D7DE1 /* Sources */,
				5FFCC53927C54D90007D7DE1 /* Frameworks */,
				5FFCC53A27C54D90007D7DE1 /* Resources */,
			);
			buildRules = (
			);
			dependencies = (
			);
			name = "WatchLandmarks WatchKit Extension";
			productName = "WatchLandmarks WatchKit Extension";
			productReference = 5FFCC53C27C54D90007D7DE1 /* WatchLandmarks WatchKit Extension.appex */;
			productType = "com.apple.product-type.watchkit2-extension";
		};
/* End PBXNativeTarget section */

/* Begin PBXProject section */
		5F1FC3E327B5FAD800DF5344 /* Project object */ = {
			isa = PBXProject;
			attributes = {
				BuildIndependentTargetsInParallel = 1;
				LastSwiftUpdateCheck = 1320;
				LastUpgradeCheck = 1330;
				TargetAttributes = {
					5F1FC3EA27B5FAD800DF5344 = {
						CreatedOnToolsVersion = 13.2.1;
					};
					5FBA555A27C5C82D005E697F = {
						CreatedOnToolsVersion = 13.2.1;
					};
					5FFCC53327C54D8F007D7DE1 = {
						CreatedOnToolsVersion = 13.2.1;
					};
					5FFCC53B27C54D90007D7DE1 = {
						CreatedOnToolsVersion = 13.2.1;
					};
				};
			};
			buildConfigurationList = 5F1FC3E627B5FAD800DF5344 /* Build configuration list for PBXProject "Landmarks" */;
			compatibilityVersion = "Xcode 13.0";
			developmentRegion = en;
			hasScannedForEncodings = 0;
			knownRegions = (
				en,
				Base,
			);
			mainGroup = 5F1FC3E227B5FAD800DF5344;
			productRefGroup = 5F1FC3EC27B5FAD800DF5344 /* Products */;
			projectDirPath = "";
			projectRoot = "";
			targets = (
				5F1FC3EA27B5FAD800DF5344 /* Landmarks */,
				5FFCC53327C54D8F007D7DE1 /* WatchLandmarks */,
				5FFCC53B27C54D90007D7DE1 /* WatchLandmarks WatchKit Extension */,
				5FBA555A27C5C82D005E697F /* MacLandmarks */,
			);
		};
/* End PBXProject section */

/* Begin PBXResourcesBuildPhase section */
		5F1FC3E927B5FAD800DF5344 /* Resources */ = {
			isa = PBXResourcesBuildPhase;
			buildActionMask = 2147483647;
			files = (
				5F2F442527C04C8A00C6C406 /* hikeData.json in Resources */,
				5F1FC3F627B5FAD900DF5344 /* Preview Assets.xcassets in Resources */,
				5F1FC3F327B5FAD900DF5344 /* Assets.xcassets in Resources */,
				5F00F8852837E48E006228F4 /* LICENSE.txt in Resources */,
				5F89170A27BB2FF00001264D /* landmarkData.json in Resources */,
			);
			runOnlyForDeploymentPostprocessing = 0;
		};
		5FBA555927C5C82D005E697F /* Resources */ = {
			isa = PBXResourcesBuildPhase;
			buildActionMask = 2147483647;
			files = (
				5FBA557927C5C9B5005E697F /* hikeData.json in Resources */,
				5FBA557227C5C904005E697F /* Preview Assets.xcassets in Resources */,
				5FBA557027C5C869005E697F /* Assets.xcassets in Resources */,
				5FBA557527C5C9B5005E697F /* landmarkData.json in Resources */,
				5FBA557D27C5C9B5005E697F /* Assets.xcassets in Resources */,
			);
			runOnlyForDeploymentPostprocessing = 0;
		};
		5FFCC53227C54D8F007D7DE1 /* Resources */ = {
			isa = PBXResourcesBuildPhase;
			buildActionMask = 2147483647;
			files = (
				5FFCC53727C54D90007D7DE1 /* Assets.xcassets in Resources */,
			);
			runOnlyForDeploymentPostprocessing = 0;
		};
		5FFCC53A27C54D90007D7DE1 /* Resources */ = {
			isa = PBXResourcesBuildPhase;
			buildActionMask = 2147483647;
			files = (
				5FFCC54F27C54D90007D7DE1 /* Preview Assets.xcassets in Resources */,
				5FFCC54C27C54D90007D7DE1 /* Assets.xcassets in Resources */,
				5FFCC56127C54E63007D7DE1 /* Assets.xcassets in Resources */,
				5FFCC56027C54E63007D7DE1 /* landmarkData.json in Resources */,
				5FFCC56627C54E63007D7DE1 /* hikeData.json in Resources */,
			);
			runOnlyForDeploymentPostprocessing = 0;
		};
/* End PBXResourcesBuildPhase section */

/* Begin PBXSourcesBuildPhase section */
		5F1FC3E727B5FAD800DF5344 /* Sources */ = {
			isa = PBXSourcesBuildPhase;
			buildActionMask = 2147483647;
			files = (
				5FC7C98D27C3F1E80014FA14 /* CategoryRow.swift in Sources */,
				5FBD4FBB27C415EB0083DE70 /* Profile.swift in Sources */,
				5F1BA8F227C5DF4600EB8970 /* LandmarkCommands.swift in Sources */,
				5F1FC3F127B5FAD800DF5344 /* ContentView.swift in Sources */,
				5FC7C98B27C3EC1C0014FA14 /* CategoryHome.swift in Sources */,
				5F1A15DA27C4B24300735BF4 /* FeatureCard.swift in Sources */,
				5F2F442E27C04EEC00C6C406 /* HikeGraph.swift in Sources */,
				5FA59FAD27BFE987008F40AD /* Badge.swift in Sources */,
				5F1FC3FF27B60CC300DF5344 /* MapView.swift in Sources */,
				5F2F442D27C04EEC00C6C406 /* GraphCapsule.swift in Sources */,
				5F1FC3EF27B5FAD800DF5344 /* LandmarksApp.swift in Sources */,
				5F02D17727C523A700CEA2B6 /* PageControl.swift in Sources */,
				5F44570627BF0E4800AAC350 /* FavoriteButton.swift in Sources */,
				5FC7C98F27C3F6350014FA14 /* CategoryItem.swift in Sources */,
				5F2F442F27C04EEC00C6C406 /* HikeDetail.swift in Sources */,
				5FBD4FC027C418EB0083DE70 /* ProfileSummary.swift in Sources */,
				5F44570A27BF203300AAC350 /* HexagonParameters.swift in Sources */,
				5FBD4FBE27C417E30083DE70 /* ProfileHost.swift in Sources */,
				5F2F442727C04CC300C6C406 /* Hike.swift in Sources */,
				5FA59FAB27BFE8BB008F40AD /* RotatedBadgeSymbol.swift in Sources */,
				5F1A15DC27C4B60700735BF4 /* PageView.swift in Sources */,
				5FA59FA727BFE29A008F40AD /* BadgeSymbol.swift in Sources */,
				5FBD4FC427C423330083DE70 /* ProfileEditor.swift in Sources */,
				5F89171527BB3E5D0001264D /* LandmarkList.swift in Sources */,
				5F2F443027C04EEC00C6C406 /* HikeView.swift in Sources */,
				5F89171727BB43D50001264D /* LandmarkDetail.swift in Sources */,
				5F1A15D827C4AF1000735BF4 /* PageViewController.swift in Sources */,
				5F44570C27BF252000AAC350 /* BadgeBackground.swift in Sources */,
				5FBD4FC227C41AEC0083DE70 /* HikeBadge.swift in Sources */,
				5F1FC3FD27B608BE00DF5344 /* CircleImage.swift in Sources */,
				5F89170C27BB306A0001264D /* Landmark.swift in Sources */,
				5F89171327BB3A340001264D /* LandmarkRow.swift in Sources */,
				5F89170E27BB343C0001264D /* ModelData.swift in Sources */,
			);
			runOnlyForDeploymentPostprocessing = 0;
		};
		5FBA555727C5C82D005E697F /* Sources */ = {
			isa = PBXSourcesBuildPhase;
			buildActionMask = 2147483647;
			files = (
				5FBA556E27C5C869005E697F /* ContentView.swift in Sources */,
				5FBA557727C5C9B5005E697F /* Profile.swift in Sources */,
				5F1BA8F527C5E91C00EB8970 /* LandmarkSettings.swift in Sources */,
				5FBA557327C5C9B5005E697F /* FavoriteButton.swift in Sources */,
				5FBA557F27C5C9B5005E697F /* MapView.swift in Sources */,
				5F1BA8F327C5DF4600EB8970 /* LandmarkCommands.swift in Sources */,
				5FBA558127C5CB07005E697F /* LandmarkDetail.swift in Sources */,
				5FBA557A27C5C9B5005E697F /* Hike.swift in Sources */,
				5FBA557C27C5C9B5005E697F /* LandmarkList.swift in Sources */,
				5FBA557427C5C9B5005E697F /* CircleImage.swift in Sources */,
				5FBA557B27C5C9B5005E697F /* ModelData.swift in Sources */,
				5FBA557627C5C9B5005E697F /* LandmarksApp.swift in Sources */,
				5FBA557E27C5C9B5005E697F /* LandmarkRow.swift in Sources */,
				5FBA557827C5C9B5005E697F /* Landmark.swift in Sources */,
			);
			runOnlyForDeploymentPostprocessing = 0;
		};
		5FFCC53827C54D90007D7DE1 /* Sources */ = {
			isa = PBXSourcesBuildPhase;
			buildActionMask = 2147483647;
			files = (
				5FFCC56827C54E63007D7DE1 /* Landmark.swift in Sources */,
				5FFCC55E27C54E63007D7DE1 /* Hike.swift in Sources */,
				5FFCC56727C54E63007D7DE1 /* MapView.swift in Sources */,
				5FFCC54627C54D90007D7DE1 /* NotificationController.swift in Sources */,
				5FBA558327C5D61C005E697F /* LandmarkList.swift in Sources */,
				5FFCC54427C54D90007D7DE1 /* ContentView.swift in Sources */,
				5FFCC56227C54E63007D7DE1 /* LandmarksApp.swift in Sources */,
				5FFCC56A27C54F67007D7DE1 /* LandmarkDetail.swift in Sources */,
				5FFCC54A27C54D90007D7DE1 /* ComplicationController.swift in Sources */,
				5FFCC54827C54D90007D7DE1 /* NotificationView.swift in Sources */,
				5FFCC55D27C54E63007D7DE1 /* CircleImage.swift in Sources */,
				5FFCC56327C54E63007D7DE1 /* Profile.swift in Sources */,
				5FFCC56527C54E63007D7DE1 /* LandmarkRow.swift in Sources */,
				5FFCC55F27C54E63007D7DE1 /* ModelData.swift in Sources */,
			);
			runOnlyForDeploymentPostprocessing = 0;
		};
/* End PBXSourcesBuildPhase section */

/* Begin PBXTargetDependency section */
		5FFCC53F27C54D90007D7DE1 /* PBXTargetDependency */ = {
			isa = PBXTargetDependency;
			target = 5FFCC53B27C54D90007D7DE1 /* WatchLandmarks WatchKit Extension */;
			targetProxy = 5FFCC53E27C54D90007D7DE1 /* PBXContainerItemProxy */;
		};
		5FFCC55327C54D90007D7DE1 /* PBXTargetDependency */ = {
			isa = PBXTargetDependency;
			target = 5FFCC53327C54D8F007D7DE1 /* WatchLandmarks */;
			targetProxy = 5FFCC55227C54D90007D7DE1 /* PBXContainerItemProxy */;
		};
/* End PBXTargetDependency section */

/* Begin XCBuildConfiguration section */
		5F1FC3F727B5FAD900DF5344 /* Debug */ = {
			isa = XCBuildConfiguration;
			buildSettings = {
				ALWAYS_SEARCH_USER_PATHS = NO;
				CLANG_ANALYZER_NONNULL = YES;
				CLANG_ANALYZER_NUMBER_OBJECT_CONVERSION = YES_AGGRESSIVE;
				CLANG_CXX_LANGUAGE_STANDARD = "gnu++17";
				CLANG_CXX_LIBRARY = "libc++";
				CLANG_ENABLE_MODULES = YES;
				CLANG_ENABLE_OBJC_ARC = YES;
				CLANG_ENABLE_OBJC_WEAK = YES;
				CLANG_WARN_BLOCK_CAPTURE_AUTORELEASING = YES;
				CLANG_WARN_BOOL_CONVERSION = YES;
				CLANG_WARN_COMMA = YES;
				CLANG_WARN_CONSTANT_CONVERSION = YES;
				CLANG_WARN_DEPRECATED_OBJC_IMPLEMENTATIONS = YES;
				CLANG_WARN_DIRECT_OBJC_ISA_USAGE = YES_ERROR;
				CLANG_WARN_DOCUMENTATION_COMMENTS = YES;
				CLANG_WARN_EMPTY_BODY = YES;
				CLANG_WARN_ENUM_CONVERSION = YES;
				CLANG_WARN_INFINITE_RECURSION = YES;
				CLANG_WARN_INT_CONVERSION = YES;
				CLANG_WARN_NON_LITERAL_NULL_CONVERSION = YES;
				CLANG_WARN_OBJC_IMPLICIT_RETAIN_SELF = YES;
				CLANG_WARN_OBJC_LITERAL_CONVERSION = YES;
				CLANG_WARN_OBJC_ROOT_CLASS = YES_ERROR;
				CLANG_WARN_QUOTED_INCLUDE_IN_FRAMEWORK_HEADER = YES;
				CLANG_WARN_RANGE_LOOP_ANALYSIS = YES;
				CLANG_WARN_STRICT_PROTOTYPES = YES;
				CLANG_WARN_SUSPICIOUS_MOVE = YES;
				CLANG_WARN_UNGUARDED_AVAILABILITY = YES_AGGRESSIVE;
				CLANG_WARN_UNREACHABLE_CODE = YES;
				CLANG_WARN__DUPLICATE_METHOD_MATCH = YES;
				COPY_PHASE_STRIP = NO;
				DEBUG_INFORMATION_FORMAT = dwarf;
				ENABLE_STRICT_OBJC_MSGSEND = YES;
				ENABLE_TESTABILITY = YES;
				GCC_C_LANGUAGE_STANDARD = gnu11;
				GCC_DYNAMIC_NO_PIC = NO;
				GCC_NO_COMMON_BLOCKS = YES;
				GCC_OPTIMIZATION_LEVEL = 0;
				GCC_PREPROCESSOR_DEFINITIONS = (
					"DEBUG=1",
					"$(inherited)",
				);
				GCC_WARN_64_TO_32_BIT_CONVERSION = YES;
				GCC_WARN_ABOUT_RETURN_TYPE = YES_ERROR;
				GCC_WARN_UNDECLARED_SELECTOR = YES;
				GCC_WARN_UNINITIALIZED_AUTOS = YES_AGGRESSIVE;
				GCC_WARN_UNUSED_FUNCTION = YES;
				GCC_WARN_UNUSED_VARIABLE = YES;
				IPHONEOS_DEPLOYMENT_TARGET = 15.4;
				MTL_ENABLE_DEBUG_INFO = INCLUDE_SOURCE;
				MTL_FAST_MATH = YES;
				ONLY_ACTIVE_ARCH = YES;
				SDKROOT = iphoneos;
				SWIFT_ACTIVE_COMPILATION_CONDITIONS = DEBUG;
				SWIFT_OPTIMIZATION_LEVEL = "-Onone";
			};
			name = Debug;
		};
		5F1FC3F827B5FAD900DF5344 /* Release */ = {
			isa = XCBuildConfiguration;
			buildSettings = {
				ALWAYS_SEARCH_USER_PATHS = NO;
				CLANG_ANALYZER_NONNULL = YES;
				CLANG_ANALYZER_NUMBER_OBJECT_CONVERSION = YES_AGGRESSIVE;
				CLANG_CXX_LANGUAGE_STANDARD = "gnu++17";
				CLANG_CXX_LIBRARY = "libc++";
				CLANG_ENABLE_MODULES = YES;
				CLANG_ENABLE_OBJC_ARC = YES;
				CLANG_ENABLE_OBJC_WEAK = YES;
				CLANG_WARN_BLOCK_CAPTURE_AUTORELEASING = YES;
				CLANG_WARN_BOOL_CONVERSION = YES;
				CLANG_WARN_COMMA = YES;
				CLANG_WARN_CONSTANT_CONVERSION = YES;
				CLANG_WARN_DEPRECATED_OBJC_IMPLEMENTATIONS = YES;
				CLANG_WARN_DIRECT_OBJC_ISA_USAGE = YES_ERROR;
				CLANG_WARN_DOCUMENTATION_COMMENTS = YES;
				CLANG_WARN_EMPTY_BODY = YES;
				CLANG_WARN_ENUM_CONVERSION = YES;
				CLANG_WARN_INFINITE_RECURSION = YES;
				CLANG_WARN_INT_CONVERSION = YES;
				CLANG_WARN_NON_LITERAL_NULL_CONVERSION = YES;
				CLANG_WARN_OBJC_IMPLICIT_RETAIN_SELF = YES;
				CLANG_WARN_OBJC_LITERAL_CONVERSION = YES;
				CLANG_WARN_OBJC_ROOT_CLASS = YES_ERROR;
				CLANG_WARN_QUOTED_INCLUDE_IN_FRAMEWORK_HEADER = YES;
				CLANG_WARN_RANGE_LOOP_ANALYSIS = YES;
				CLANG_WARN_STRICT_PROTOTYPES = YES;
				CLANG_WARN_SUSPICIOUS_MOVE = YES;
				CLANG_WARN_UNGUARDED_AVAILABILITY = YES_AGGRESSIVE;
				CLANG_WARN_UNREACHABLE_CODE = YES;
				CLANG_WARN__DUPLICATE_METHOD_MATCH = YES;
				COPY_PHASE_STRIP = NO;
				DEBUG_INFORMATION_FORMAT = "dwarf-with-dsym";
				ENABLE_NS_ASSERTIONS = NO;
				ENABLE_STRICT_OBJC_MSGSEND = YES;
				GCC_C_LANGUAGE_STANDARD = gnu11;
				GCC_NO_COMMON_BLOCKS = YES;
				GCC_WARN_64_TO_32_BIT_CONVERSION = YES;
				GCC_WARN_ABOUT_RETURN_TYPE = YES_ERROR;
				GCC_WARN_UNDECLARED_SELECTOR = YES;
				GCC_WARN_UNINITIALIZED_AUTOS = YES_AGGRESSIVE;
				GCC_WARN_UNUSED_FUNCTION = YES;
				GCC_WARN_UNUSED_VARIABLE = YES;
				IPHONEOS_DEPLOYMENT_TARGET = 15.4;
				MTL_ENABLE_DEBUG_INFO = NO;
				MTL_FAST_MATH = YES;
				SDKROOT = iphoneos;
				SWIFT_COMPILATION_MODE = wholemodule;
				SWIFT_OPTIMIZATION_LEVEL = "-O";
				VALIDATE_PRODUCT = YES;
			};
			name = Release;
		};
		5F1FC3FA27B5FAD900DF5344 /* Debug */ = {
			isa = XCBuildConfiguration;
			buildSettings = {
				ASSETCATALOG_COMPILER_APPICON_NAME = AppIcon;
				ASSETCATALOG_COMPILER_GLOBAL_ACCENT_COLOR_NAME = AccentColor;
				CODE_SIGN_STYLE = Automatic;
				CURRENT_PROJECT_VERSION = 1;
				DEVELOPMENT_ASSET_PATHS = "\"Landmarks/Preview Content\"";
				DEVELOPMENT_TEAM = 8D6U56NF2U;
				ENABLE_PREVIEWS = YES;
				GENERATE_INFOPLIST_FILE = YES;
				INFOPLIST_KEY_UIApplicationSceneManifest_Generation = YES;
				INFOPLIST_KEY_UIApplicationSupportsIndirectInputEvents = YES;
				INFOPLIST_KEY_UILaunchScreen_Generation = YES;
				INFOPLIST_KEY_UISupportedInterfaceOrientations_iPad = "UIInterfaceOrientationPortrait UIInterfaceOrientationPortraitUpsideDown UIInterfaceOrientationLandscapeLeft UIInterfaceOrientationLandscapeRight";
				INFOPLIST_KEY_UISupportedInterfaceOrientations_iPhone = "UIInterfaceOrientationPortrait UIInterfaceOrientationLandscapeLeft UIInterfaceOrientationLandscapeRight";
				LD_RUNPATH_SEARCH_PATHS = (
					"$(inherited)",
					"@executable_path/Frameworks",
				);
				MARKETING_VERSION = 1.0;
				PRODUCT_BUNDLE_IDENTIFIER = com.toddsternisha.Landmarks;
				PRODUCT_NAME = "$(TARGET_NAME)";
				SWIFT_EMIT_LOC_STRINGS = YES;
				SWIFT_VERSION = 5.0;
				TARGETED_DEVICE_FAMILY = "1,2";
			};
			name = Debug;
		};
		5F1FC3FB27B5FAD900DF5344 /* Release */ = {
			isa = XCBuildConfiguration;
			buildSettings = {
				ASSETCATALOG_COMPILER_APPICON_NAME = AppIcon;
				ASSETCATALOG_COMPILER_GLOBAL_ACCENT_COLOR_NAME = AccentColor;
				CODE_SIGN_STYLE = Automatic;
				CURRENT_PROJECT_VERSION = 1;
				DEVELOPMENT_ASSET_PATHS = "\"Landmarks/Preview Content\"";
				DEVELOPMENT_TEAM = 8D6U56NF2U;
				ENABLE_PREVIEWS = YES;
				GENERATE_INFOPLIST_FILE = YES;
				INFOPLIST_KEY_UIApplicationSceneManifest_Generation = YES;
				INFOPLIST_KEY_UIApplicationSupportsIndirectInputEvents = YES;
				INFOPLIST_KEY_UILaunchScreen_Generation = YES;
				INFOPLIST_KEY_UISupportedInterfaceOrientations_iPad = "UIInterfaceOrientationPortrait UIInterfaceOrientationPortraitUpsideDown UIInterfaceOrientationLandscapeLeft UIInterfaceOrientationLandscapeRight";
				INFOPLIST_KEY_UISupportedInterfaceOrientations_iPhone = "UIInterfaceOrientationPortrait UIInterfaceOrientationLandscapeLeft UIInterfaceOrientationLandscapeRight";
				LD_RUNPATH_SEARCH_PATHS = (
					"$(inherited)",
					"@executable_path/Frameworks",
				);
				MARKETING_VERSION = 1.0;
				PRODUCT_BUNDLE_IDENTIFIER = com.toddsternisha.Landmarks;
				PRODUCT_NAME = "$(TARGET_NAME)";
				SWIFT_EMIT_LOC_STRINGS = YES;
				SWIFT_VERSION = 5.0;
				TARGETED_DEVICE_FAMILY = "1,2";
			};
			name = Release;
		};
		5FBA556727C5C82E005E697F /* Debug */ = {
			isa = XCBuildConfiguration;
			buildSettings = {
				ASSETCATALOG_COMPILER_APPICON_NAME = AppIcon;
				ASSETCATALOG_COMPILER_GLOBAL_ACCENT_COLOR_NAME = AccentColor;
				CODE_SIGN_ENTITLEMENTS = MacLandmarks/MacLandmarks.entitlements;
				CODE_SIGN_IDENTITY = "-";
				CODE_SIGN_STYLE = Automatic;
				COMBINE_HIDPI_IMAGES = YES;
				CURRENT_PROJECT_VERSION = 1;
				DEVELOPMENT_ASSET_PATHS = "\"MacLandmarks/Preview Content\"";
				DEVELOPMENT_TEAM = 8D6U56NF2U;
				ENABLE_HARDENED_RUNTIME = YES;
				ENABLE_PREVIEWS = YES;
				GENERATE_INFOPLIST_FILE = YES;
				INFOPLIST_KEY_NSHumanReadableCopyright = "";
				LD_RUNPATH_SEARCH_PATHS = (
					"$(inherited)",
					"@executable_path/../Frameworks",
				);
				MACOSX_DEPLOYMENT_TARGET = 12.1;
				MARKETING_VERSION = 1.0;
				PRODUCT_BUNDLE_IDENTIFIER = com.toddsternisha.MacLandmarks;
				PRODUCT_NAME = "$(TARGET_NAME)";
				SDKROOT = macosx;
				SWIFT_EMIT_LOC_STRINGS = YES;
				SWIFT_VERSION = 5.0;
			};
			name = Debug;
		};
		5FBA556827C5C82E005E697F /* Release */ = {
			isa = XCBuildConfiguration;
			buildSettings = {
				ASSETCATALOG_COMPILER_APPICON_NAME = AppIcon;
				ASSETCATALOG_COMPILER_GLOBAL_ACCENT_COLOR_NAME = AccentColor;
				CODE_SIGN_ENTITLEMENTS = MacLandmarks/MacLandmarks.entitlements;
				CODE_SIGN_IDENTITY = "-";
				CODE_SIGN_STYLE = Automatic;
				COMBINE_HIDPI_IMAGES = YES;
				CURRENT_PROJECT_VERSION = 1;
				DEVELOPMENT_ASSET_PATHS = "\"MacLandmarks/Preview Content\"";
				DEVELOPMENT_TEAM = 8D6U56NF2U;
				ENABLE_HARDENED_RUNTIME = YES;
				ENABLE_PREVIEWS = YES;
				GENERATE_INFOPLIST_FILE = YES;
				INFOPLIST_KEY_NSHumanReadableCopyright = "";
				LD_RUNPATH_SEARCH_PATHS = (
					"$(inherited)",
					"@executable_path/../Frameworks",
				);
				MACOSX_DEPLOYMENT_TARGET = 12.1;
				MARKETING_VERSION = 1.0;
				PRODUCT_BUNDLE_IDENTIFIER = com.toddsternisha.MacLandmarks;
				PRODUCT_NAME = "$(TARGET_NAME)";
				SDKROOT = macosx;
				SWIFT_EMIT_LOC_STRINGS = YES;
				SWIFT_VERSION = 5.0;
			};
			name = Release;
		};
		5FFCC55627C54D90007D7DE1 /* Debug */ = {
			isa = XCBuildConfiguration;
			buildSettings = {
				ALWAYS_EMBED_SWIFT_STANDARD_LIBRARIES = YES;
				ASSETCATALOG_COMPILER_APPICON_NAME = AppIcon;
				ASSETCATALOG_COMPILER_GLOBAL_ACCENT_COLOR_NAME = AccentColor;
				CODE_SIGN_STYLE = Automatic;
				CURRENT_PROJECT_VERSION = 1;
				DEVELOPMENT_TEAM = 8D6U56NF2U;
				GENERATE_INFOPLIST_FILE = YES;
				IBSC_MODULE = WatchLandmarks_WatchKit_Extension;
				INFOPLIST_KEY_CFBundleDisplayName = WatchLandmarks;
				INFOPLIST_KEY_UISupportedInterfaceOrientations = "UIInterfaceOrientationPortrait UIInterfaceOrientationPortraitUpsideDown";
				INFOPLIST_KEY_WKCompanionAppBundleIdentifier = com.toddsternisha.Landmarks;
				MARKETING_VERSION = 1.0;
				PRODUCT_BUNDLE_IDENTIFIER = com.toddsternisha.Landmarks.watchkitapp;
				PRODUCT_NAME = "$(TARGET_NAME)";
				SDKROOT = watchos;
				SKIP_INSTALL = YES;
				SWIFT_EMIT_LOC_STRINGS = YES;
				SWIFT_VERSION = 5.0;
				TARGETED_DEVICE_FAMILY = 4;
				WATCHOS_DEPLOYMENT_TARGET = 8.3;
			};
			name = Debug;
		};
		5FFCC55727C54D90007D7DE1 /* Release */ = {
			isa = XCBuildConfiguration;
			buildSettings = {
				ALWAYS_EMBED_SWIFT_STANDARD_LIBRARIES = YES;
				ASSETCATALOG_COMPILER_APPICON_NAME = AppIcon;
				ASSETCATALOG_COMPILER_GLOBAL_ACCENT_COLOR_NAME = AccentColor;
				CODE_SIGN_STYLE = Automatic;
				CURRENT_PROJECT_VERSION = 1;
				DEVELOPMENT_TEAM = 8D6U56NF2U;
				GENERATE_INFOPLIST_FILE = YES;
				IBSC_MODULE = WatchLandmarks_WatchKit_Extension;
				INFOPLIST_KEY_CFBundleDisplayName = WatchLandmarks;
				INFOPLIST_KEY_UISupportedInterfaceOrientations = "UIInterfaceOrientationPortrait UIInterfaceOrientationPortraitUpsideDown";
				INFOPLIST_KEY_WKCompanionAppBundleIdentifier = com.toddsternisha.Landmarks;
				MARKETING_VERSION = 1.0;
				PRODUCT_BUNDLE_IDENTIFIER = com.toddsternisha.Landmarks.watchkitapp;
				PRODUCT_NAME = "$(TARGET_NAME)";
				SDKROOT = watchos;
				SKIP_INSTALL = YES;
				SWIFT_EMIT_LOC_STRINGS = YES;
				SWIFT_VERSION = 5.0;
				TARGETED_DEVICE_FAMILY = 4;
				WATCHOS_DEPLOYMENT_TARGET = 8.3;
			};
			name = Release;
		};
		5FFCC55927C54D90007D7DE1 /* Debug */ = {
			isa = XCBuildConfiguration;
			buildSettings = {
				ASSETCATALOG_COMPILER_COMPLICATION_NAME = Complication;
				CODE_SIGN_STYLE = Automatic;
				CURRENT_PROJECT_VERSION = 1;
				DEVELOPMENT_ASSET_PATHS = "\"WatchLandmarks WatchKit Extension/Preview Content\"";
				DEVELOPMENT_TEAM = 8D6U56NF2U;
				ENABLE_PREVIEWS = YES;
				GENERATE_INFOPLIST_FILE = YES;
				INFOPLIST_FILE = "WatchLandmarks WatchKit Extension/Info.plist";
				INFOPLIST_KEY_CFBundleDisplayName = "WatchLandmarks WatchKit Extension";
				INFOPLIST_KEY_CLKComplicationPrincipalClass = WatchLandmarks_WatchKit_Extension.ComplicationController;
				INFOPLIST_KEY_NSHumanReadableCopyright = "";
				INFOPLIST_KEY_WKRunsIndependentlyOfCompanionApp = YES;
				LD_RUNPATH_SEARCH_PATHS = (
					"$(inherited)",
					"@executable_path/Frameworks",
					"@executable_path/../../Frameworks",
				);
				MARKETING_VERSION = 1.0;
				PRODUCT_BUNDLE_IDENTIFIER = com.toddsternisha.Landmarks.watchkitapp.watchkitextension;
				PRODUCT_NAME = "${TARGET_NAME}";
				SDKROOT = watchos;
				SKIP_INSTALL = YES;
				SWIFT_EMIT_LOC_STRINGS = YES;
				SWIFT_VERSION = 5.0;
				TARGETED_DEVICE_FAMILY = 4;
				WATCHOS_DEPLOYMENT_TARGET = 8.3;
			};
			name = Debug;
		};
		5FFCC55A27C54D90007D7DE1 /* Release */ = {
			isa = XCBuildConfiguration;
			buildSettings = {
				ASSETCATALOG_COMPILER_COMPLICATION_NAME = Complication;
				CODE_SIGN_STYLE = Automatic;
				CURRENT_PROJECT_VERSION = 1;
				DEVELOPMENT_ASSET_PATHS = "\"WatchLandmarks WatchKit Extension/Preview Content\"";
				DEVELOPMENT_TEAM = 8D6U56NF2U;
				ENABLE_PREVIEWS = YES;
				GENERATE_INFOPLIST_FILE = YES;
				INFOPLIST_FILE = "WatchLandmarks WatchKit Extension/Info.plist";
				INFOPLIST_KEY_CFBundleDisplayName = "WatchLandmarks WatchKit Extension";
				INFOPLIST_KEY_CLKComplicationPrincipalClass = WatchLandmarks_WatchKit_Extension.ComplicationController;
				INFOPLIST_KEY_NSHumanReadableCopyright = "";
				INFOPLIST_KEY_WKRunsIndependentlyOfCompanionApp = YES;
				LD_RUNPATH_SEARCH_PATHS = (
					"$(inherited)",
					"@executable_path/Frameworks",
					"@executable_path/../../Frameworks",
				);
				MARKETING_VERSION = 1.0;
				PRODUCT_BUNDLE_IDENTIFIER = com.toddsternisha.Landmarks.watchkitapp.watchkitextension;
				PRODUCT_NAME = "${TARGET_NAME}";
				SDKROOT = watchos;
				SKIP_INSTALL = YES;
				SWIFT_EMIT_LOC_STRINGS = YES;
				SWIFT_VERSION = 5.0;
				TARGETED_DEVICE_FAMILY = 4;
				WATCHOS_DEPLOYMENT_TARGET = 8.3;
			};
			name = Release;
		};
/* End XCBuildConfiguration section */

/* Begin XCConfigurationList section */
		5F1FC3E627B5FAD800DF5344 /* Build configuration list for PBXProject "Landmarks" */ = {
			isa = XCConfigurationList;
			buildConfigurations = (
				5F1FC3F727B5FAD900DF5344 /* Debug */,
				5F1FC3F827B5FAD900DF5344 /* Release */,
			);
			defaultConfigurationIsVisible = 0;
			defaultConfigurationName = Release;
		};
		5F1FC3F927B5FAD900DF5344 /* Build configuration list for PBXNativeTarget "Landmarks" */ = {
			isa = XCConfigurationList;
			buildConfigurations = (
				5F1FC3FA27B5FAD900DF5344 /* Debug */,
				5F1FC3FB27B5FAD900DF5344 /* Release */,
			);
			defaultConfigurationIsVisible = 0;
			defaultConfigurationName = Release;
		};
		5FBA556927C5C82E005E697F /* Build configuration list for PBXNativeTarget "MacLandmarks" */ = {
			isa = XCConfigurationList;
			buildConfigurations = (
				5FBA556727C5C82E005E697F /* Debug */,
				5FBA556827C5C82E005E697F /* Release */,
			);
			defaultConfigurationIsVisible = 0;
			defaultConfigurationName = Release;
		};
		5FFCC55B27C54D90007D7DE1 /* Build configuration list for PBXNativeTarget "WatchLandmarks WatchKit Extension" */ = {
			isa = XCConfigurationList;
			buildConfigurations = (
				5FFCC55927C54D90007D7DE1 /* Debug */,
				5FFCC55A27C54D90007D7DE1 /* Release */,
			);
			defaultConfigurationIsVisible = 0;
			defaultConfigurationName = Release;
		};
		5FFCC55C27C54D90007D7DE1 /* Build configuration list for PBXNativeTarget "WatchLandmarks" */ = {
			isa = XCConfigurationList;
			buildConfigurations = (
				5FFCC55627C54D90007D7DE1 /* Debug */,
				5FFCC55727C54D90007D7DE1 /* Release */,
			);
			defaultConfigurationIsVisible = 0;
			defaultConfigurationName = Release;
		};
/* End XCConfigurationList section */
	};
	rootObject = 5F1FC3E327B5FAD800DF5344 /* Project object */;
}
